
Microsoft Visual Studio Solution File, Format Version 12.00
# Visual Studio Version 16
VisualStudioVersion = 16.0.33529.622
MinimumVisualStudioVersion = 10.0.40219.1
Project("{FAE04EC0-301F-11D3-BF4B-00C04F79EFBC}") = "payments-system-ui", "payments-system-ui\payments-system-ui.csproj", "{56DCC379-653A-4D7C-8CD3-C9B5DFE1D7EB}"
EndProject
Global
	GlobalSection(SolutionConfigurationPlatforms) = preSolution
		Debug|Any CPU = Debug|Any CPU
		Release|Any CPU = Release|Any CPU
	EndGlobalSection
	GlobalSection(ProjectConfigurationPlatforms) = postSolution
		{56DCC379-653A-4D7C-8CD3-C9B5DFE1D7EB}.Debug|Any CPU.ActiveCfg = Debug|Any CPU
		{56DCC379-653A-4D7C-8CD3-C9B5DFE1D7EB}.Debug|Any CPU.Build.0 = Debug|Any CPU
		{56DCC379-653A-4D7C-8CD3-C9B5DFE1D7EB}.Release|Any CPU.ActiveCfg = Release|Any CPU
		{56DCC379-653A-4D7C-8CD3-C9B5DFE1D7EB}.Release|Any CPU.Build.0 = Release|Any CPU
	EndGlobalSection
	GlobalSection(SolutionProperties) = preSolution
		HideSolutionNode = FALSE
	EndGlobalSection
	GlobalSection(ExtensibilityGlobals) = postSolution
		SolutionGuid = {ED7A254A-9129-493E-AEC2-921793626B77}
	EndGlobalSection
EndGlobal
